# generated by rye
# use `rye lock` or `rye sync` to update this lockfile
#
# last locked with the following flags:
#   pre: false
#   features: []
#   all-features: false

-e file:.
certifi==2023.7.22
charset-normalizer==3.3.0
idna==3.4
prompt-toolkit==3.0.36
python-dotenv==1.0.0
python-redmine==2.4.0
questionary==2.0.1
requests==2.31.0
urllib3==2.0.5
wcwidth==0.2.8
